// !$*UTF8*$!
{
	archiveVersion = 1;
	classes = {
	};
	objectVersion = 48;
	objects = {

/* Begin PBXBuildFile section */
		103D57397B5980123FCC2F7E /* Pods_CSGOSpectatorTests.framework in Frameworks */ = {isa = PBXBuildFile; fileRef = 19CE8F1E1F9278FDB28A9FA0 /* Pods_CSGOSpectatorTests.framework */; };
		1212F36BAD06071A3B4CAF19 /* Pods_CSGOSpectatorKit.framework in Frameworks */ = {isa = PBXBuildFile; fileRef = A1DE5DF4836CBEE7383F2941 /* Pods_CSGOSpectatorKit.framework */; };
		38130792206A98DD00BC2BE3 /* model.json in Resources */ = {isa = PBXBuildFile; fileRef = 38130791206A98DD00BC2BE3 /* model.json */; };
		3813323B20B02CC0008450F6 /* WeaponCollectionViewCell.swift in Sources */ = {isa = PBXBuildFile; fileRef = 3813323920B02CC0008450F6 /* WeaponCollectionViewCell.swift */; };
		3813323C20B02CC0008450F6 /* WeaponCollectionViewCell.xib in Resources */ = {isa = PBXBuildFile; fileRef = 3813323A20B02CC0008450F6 /* WeaponCollectionViewCell.xib */; };
		38294230205AC2EA00295B84 /* ResultsHeaderView.swift in Sources */ = {isa = PBXBuildFile; fileRef = 3829422F205AC2EA00295B84 /* ResultsHeaderView.swift */; };
		38294232205AC30900295B84 /* ResultsHeaderView.xib in Resources */ = {isa = PBXBuildFile; fileRef = 38294231205AC30900295B84 /* ResultsHeaderView.xib */; };
		38294234205AC72300295B84 /* Int.swift in Sources */ = {isa = PBXBuildFile; fileRef = 38294233205AC72300295B84 /* Int.swift */; };
		38294238205AD82100295B84 /* DetailScoreView.swift in Sources */ = {isa = PBXBuildFile; fileRef = 38294237205AD82100295B84 /* DetailScoreView.swift */; };
		383378B920A73DDF009BE1D5 /* PlayerDrawerView.swift in Sources */ = {isa = PBXBuildFile; fileRef = 383378B820A73DDF009BE1D5 /* PlayerDrawerView.swift */; };
		3839872D20AB2C9A0055AEC0 /* PlayerDrawerView.xib in Resources */ = {isa = PBXBuildFile; fileRef = 3839872C20AB2C9A0055AEC0 /* PlayerDrawerView.xib */; };
		383DA129209C8F5D009ECBD7 /* PlayerDotView.xib in Resources */ = {isa = PBXBuildFile; fileRef = 383DA127209C8F5D009ECBD7 /* PlayerDotView.xib */; };
		383DA12A209C8F5D009ECBD7 /* PlayerDotView.swift in Sources */ = {isa = PBXBuildFile; fileRef = 383DA128209C8F5D009ECBD7 /* PlayerDotView.swift */; };
		384223F4207281D9007AD141 /* UIColor.swift in Sources */ = {isa = PBXBuildFile; fileRef = 384223F3207281D9007AD141 /* UIColor.swift */; };
		387883AA20679AC300DBB83C /* MapViewController.swift in Sources */ = {isa = PBXBuildFile; fileRef = 387883A920679AC300DBB83C /* MapViewController.swift */; };
		387883AC20679DE300DBB83C /* PageViewController.swift in Sources */ = {isa = PBXBuildFile; fileRef = 387883AB20679DE300DBB83C /* PageViewController.swift */; };
		387883AE2067A1A200DBB83C /* StatsViewController.swift in Sources */ = {isa = PBXBuildFile; fileRef = 387883AD2067A1A200DBB83C /* StatsViewController.swift */; };
		387D86F72091D95B000E0736 /* PlayerDetailsCollectionViewCell.xib in Resources */ = {isa = PBXBuildFile; fileRef = 387D86F62091D95B000E0736 /* PlayerDetailsCollectionViewCell.xib */; };
		387D86F92091D961000E0736 /* PlayerDetailsCollectionViewCell.swift in Sources */ = {isa = PBXBuildFile; fileRef = 387D86F82091D961000E0736 /* PlayerDetailsCollectionViewCell.swift */; };
		387D86FB2091D96D000E0736 /* PlayerDetailsViewController.swift in Sources */ = {isa = PBXBuildFile; fileRef = 387D86FA2091D96D000E0736 /* PlayerDetailsViewController.swift */; };
		38997AEF205AB8680075B508 /* PlayerCell.swift in Sources */ = {isa = PBXBuildFile; fileRef = 38997AED205AB8680075B508 /* PlayerCell.swift */; };
		389AAED420BAC8CC00ADAA5E /* Player.swift in Sources */ = {isa = PBXBuildFile; fileRef = 38997AE4205AB54C0075B508 /* Player.swift */; };
		389AAED520BAC8CC00ADAA5E /* Team.swift in Sources */ = {isa = PBXBuildFile; fileRef = 38997AE6205AB5640075B508 /* Team.swift */; };
		389AAED620BAC8CC00ADAA5E /* Game.swift in Sources */ = {isa = PBXBuildFile; fileRef = 38997AE8205AB5760075B508 /* Game.swift */; };
		389AAED720BAC8CC00ADAA5E /* GrenadeType.swift in Sources */ = {isa = PBXBuildFile; fileRef = 389EC20F20810A8200F17163 /* GrenadeType.swift */; };
		389AAED820BAC8CC00ADAA5E /* Weapon.swift in Sources */ = {isa = PBXBuildFile; fileRef = 389EC21220810D4800F17163 /* Weapon.swift */; };
		389AAEDA20BAC9BB00ADAA5E /* SteamClient.swift in Sources */ = {isa = PBXBuildFile; fileRef = 389AAED920BAC9BB00ADAA5E /* SteamClient.swift */; };
		389AAEDC20BAE17100ADAA5E /* SteamProfile.swift in Sources */ = {isa = PBXBuildFile; fileRef = 389AAEDB20BAE17100ADAA5E /* SteamProfile.swift */; };
		38A5CEC32068377500442BBD /* FadedTableView.swift in Sources */ = {isa = PBXBuildFile; fileRef = 38A5CEC22068377500442BBD /* FadedTableView.swift */; };
		38B0A83220B0A6C200B597F4 /* String.swift in Sources */ = {isa = PBXBuildFile; fileRef = 38B0A83120B0A6C200B597F4 /* String.swift */; };
		38B1C4EE205BEC890061EDC9 /* .swiftlint.yml in Resources */ = {isa = PBXBuildFile; fileRef = 38B1C4ED205BEC890061EDC9 /* .swiftlint.yml */; };
		38CC63AF20CD173D00AEB0A6 /* HistoryTableViewCell.swift in Sources */ = {isa = PBXBuildFile; fileRef = 38CC63AD20CD173D00AEB0A6 /* HistoryTableViewCell.swift */; };
		38CC63B020CD173D00AEB0A6 /* HistoryTableViewCell.xib in Resources */ = {isa = PBXBuildFile; fileRef = 38CC63AE20CD173D00AEB0A6 /* HistoryTableViewCell.xib */; };
		38CFFF8520848A0F0030ADBD /* sample.json in Resources */ = {isa = PBXBuildFile; fileRef = 38CFFF8420848A0F0030ADBD /* sample.json */; };
		38D08A0C20552540009A98B4 /* Alamofire.framework in Frameworks */ = {isa = PBXBuildFile; fileRef = 38D08A0D20552540009A98B4 /* Alamofire.framework */; };
		3F8F479A206C3D2200467587 /* SettingsViewController.swift in Sources */ = {isa = PBXBuildFile; fileRef = 3F8F4799206C3D2200467587 /* SettingsViewController.swift */; };
		3F8F479C206C3D3200467587 /* HistoryViewController.swift in Sources */ = {isa = PBXBuildFile; fileRef = 3F8F479B206C3D3200467587 /* HistoryViewController.swift */; };
		50D9D7900E070101339B1EDC /* Pods_CSGOSpectator.framework in Frameworks */ = {isa = PBXBuildFile; fileRef = A2E4CFA40396D7412E105869 /* Pods_CSGOSpectator.framework */; };
		5117F39D787DCF8AE039CFD0 /* Pods_CSGOSpectatorKitTests.framework in Frameworks */ = {isa = PBXBuildFile; fileRef = 58740F504E72DAD873D6E895 /* Pods_CSGOSpectatorKitTests.framework */; };
		CEE63CD7204ACE4F004ADBC4 /* AppDelegate.swift in Sources */ = {isa = PBXBuildFile; fileRef = CEE63CD6204ACE4F004ADBC4 /* AppDelegate.swift */; };
		CEE63CD9204ACE4F004ADBC4 /* LiveViewController.swift in Sources */ = {isa = PBXBuildFile; fileRef = CEE63CD8204ACE4F004ADBC4 /* LiveViewController.swift */; };
		CEE63CDC204ACE4F004ADBC4 /* Main.storyboard in Resources */ = {isa = PBXBuildFile; fileRef = CEE63CDA204ACE4F004ADBC4 /* Main.storyboard */; };
		CEE63CDE204ACE4F004ADBC4 /* Assets.xcassets in Resources */ = {isa = PBXBuildFile; fileRef = CEE63CDD204ACE4F004ADBC4 /* Assets.xcassets */; };
		CEE63CE1204ACE4F004ADBC4 /* LaunchScreen.storyboard in Resources */ = {isa = PBXBuildFile; fileRef = CEE63CDF204ACE4F004ADBC4 /* LaunchScreen.storyboard */; };
		CEE63CEC204ACE4F004ADBC4 /* CSGOSpectatorTests.swift in Sources */ = {isa = PBXBuildFile; fileRef = CEE63CEB204ACE4F004ADBC4 /* CSGOSpectatorTests.swift */; };
		CEE63CF7204ACE4F004ADBC4 /* CSGOSpectatorUITests.swift in Sources */ = {isa = PBXBuildFile; fileRef = CEE63CF6204ACE4F004ADBC4 /* CSGOSpectatorUITests.swift */; };
		CEE63D12204AD2F1004ADBC4 /* CSGOSpectatorKit.framework in Frameworks */ = {isa = PBXBuildFile; fileRef = CEE63D09204AD2F1004ADBC4 /* CSGOSpectatorKit.framework */; };
		CEE63D19204AD2F1004ADBC4 /* CSGOSpectatorKitTests.swift in Sources */ = {isa = PBXBuildFile; fileRef = CEE63D18204AD2F1004ADBC4 /* CSGOSpectatorKitTests.swift */; };
		CEE63D1B204AD2F1004ADBC4 /* CSGOSpectatorKit.h in Headers */ = {isa = PBXBuildFile; fileRef = CEE63D0B204AD2F1004ADBC4 /* CSGOSpectatorKit.h */; settings = {ATTRIBUTES = (Public, ); }; };
		CEE63D1E204AD2F1004ADBC4 /* CSGOSpectatorKit.framework in Frameworks */ = {isa = PBXBuildFile; fileRef = CEE63D09204AD2F1004ADBC4 /* CSGOSpectatorKit.framework */; };
		CEE63D1F204AD2F1004ADBC4 /* CSGOSpectatorKit.framework in Embed Frameworks */ = {isa = PBXBuildFile; fileRef = CEE63D09204AD2F1004ADBC4 /* CSGOSpectatorKit.framework */; settings = {ATTRIBUTES = (CodeSignOnCopy, RemoveHeadersOnCopy, ); }; };
		E77C51A520CD02C500D90889 /* Player.swift in Sources */ = {isa = PBXBuildFile; fileRef = E77C51A420CD02C500D90889 /* Player.swift */; };
		FF94AE27C2EE79A8A6471D31 /* Pods_CSGOSpectatorUITests.framework in Frameworks */ = {isa = PBXBuildFile; fileRef = 57E449C1A93E7553E65C5862 /* Pods_CSGOSpectatorUITests.framework */; };
/* End PBXBuildFile section */

/* Begin PBXContainerItemProxy section */
		CEE63CE8204ACE4F004ADBC4 /* PBXContainerItemProxy */ = {
			isa = PBXContainerItemProxy;
			containerPortal = CEE63CCB204ACE4F004ADBC4 /* Project object */;
			proxyType = 1;
			remoteGlobalIDString = CEE63CD2204ACE4F004ADBC4;
			remoteInfo = CSGOSpectator;
		};
		CEE63CF3204ACE4F004ADBC4 /* PBXContainerItemProxy */ = {
			isa = PBXContainerItemProxy;
			containerPortal = CEE63CCB204ACE4F004ADBC4 /* Project object */;
			proxyType = 1;
			remoteGlobalIDString = CEE63CD2204ACE4F004ADBC4;
			remoteInfo = CSGOSpectator;
		};
		CEE63D13204AD2F1004ADBC4 /* PBXContainerItemProxy */ = {
			isa = PBXContainerItemProxy;
			containerPortal = CEE63CCB204ACE4F004ADBC4 /* Project object */;
			proxyType = 1;
			remoteGlobalIDString = CEE63D08204AD2F1004ADBC4;
			remoteInfo = CSGOSpectatorKit;
		};
		CEE63D15204AD2F1004ADBC4 /* PBXContainerItemProxy */ = {
			isa = PBXContainerItemProxy;
			containerPortal = CEE63CCB204ACE4F004ADBC4 /* Project object */;
			proxyType = 1;
			remoteGlobalIDString = CEE63CD2204ACE4F004ADBC4;
			remoteInfo = CSGOSpectator;
		};
		CEE63D1C204AD2F1004ADBC4 /* PBXContainerItemProxy */ = {
			isa = PBXContainerItemProxy;
			containerPortal = CEE63CCB204ACE4F004ADBC4 /* Project object */;
			proxyType = 1;
			remoteGlobalIDString = CEE63D08204AD2F1004ADBC4;
			remoteInfo = CSGOSpectatorKit;
		};
/* End PBXContainerItemProxy section */

/* Begin PBXCopyFilesBuildPhase section */
		CEE63D23204AD2F1004ADBC4 /* Embed Frameworks */ = {
			isa = PBXCopyFilesBuildPhase;
			buildActionMask = 2147483647;
			dstPath = "";
			dstSubfolderSpec = 10;
			files = (
				CEE63D1F204AD2F1004ADBC4 /* CSGOSpectatorKit.framework in Embed Frameworks */,
			);
			name = "Embed Frameworks";
			runOnlyForDeploymentPostprocessing = 0;
		};
/* End PBXCopyFilesBuildPhase section */

/* Begin PBXFileReference section */
		19CE8F1E1F9278FDB28A9FA0 /* Pods_CSGOSpectatorTests.framework */ = {isa = PBXFileReference; explicitFileType = wrapper.framework; includeInIndex = 0; path = Pods_CSGOSpectatorTests.framework; sourceTree = BUILT_PRODUCTS_DIR; };
		28447CBDDCC154AB97B1B511 /* Pods-CSGOSpectatorTests.debug.xcconfig */ = {isa = PBXFileReference; includeInIndex = 1; lastKnownFileType = text.xcconfig; name = "Pods-CSGOSpectatorTests.debug.xcconfig"; path = "Pods/Target Support Files/Pods-CSGOSpectatorTests/Pods-CSGOSpectatorTests.debug.xcconfig"; sourceTree = "<group>"; };
		38130791206A98DD00BC2BE3 /* model.json */ = {isa = PBXFileReference; fileEncoding = 4; lastKnownFileType = text.json; path = model.json; sourceTree = "<group>"; };
		3813323920B02CC0008450F6 /* WeaponCollectionViewCell.swift */ = {isa = PBXFileReference; lastKnownFileType = sourcecode.swift; path = WeaponCollectionViewCell.swift; sourceTree = "<group>"; };
		3813323A20B02CC0008450F6 /* WeaponCollectionViewCell.xib */ = {isa = PBXFileReference; lastKnownFileType = file.xib; path = WeaponCollectionViewCell.xib; sourceTree = "<group>"; };
		3829422F205AC2EA00295B84 /* ResultsHeaderView.swift */ = {isa = PBXFileReference; lastKnownFileType = sourcecode.swift; path = ResultsHeaderView.swift; sourceTree = "<group>"; };
		38294231205AC30900295B84 /* ResultsHeaderView.xib */ = {isa = PBXFileReference; lastKnownFileType = file.xib; path = ResultsHeaderView.xib; sourceTree = "<group>"; };
		38294233205AC72300295B84 /* Int.swift */ = {isa = PBXFileReference; lastKnownFileType = sourcecode.swift; path = Int.swift; sourceTree = "<group>"; };
		38294237205AD82100295B84 /* DetailScoreView.swift */ = {isa = PBXFileReference; lastKnownFileType = sourcecode.swift; path = DetailScoreView.swift; sourceTree = "<group>"; };
		383378B820A73DDF009BE1D5 /* PlayerDrawerView.swift */ = {isa = PBXFileReference; lastKnownFileType = sourcecode.swift; path = PlayerDrawerView.swift; sourceTree = "<group>"; };
		3839872C20AB2C9A0055AEC0 /* PlayerDrawerView.xib */ = {isa = PBXFileReference; lastKnownFileType = file.xib; path = PlayerDrawerView.xib; sourceTree = "<group>"; };
		383DA127209C8F5D009ECBD7 /* PlayerDotView.xib */ = {isa = PBXFileReference; fileEncoding = 4; lastKnownFileType = file.xib; path = PlayerDotView.xib; sourceTree = "<group>"; };
		383DA128209C8F5D009ECBD7 /* PlayerDotView.swift */ = {isa = PBXFileReference; fileEncoding = 4; lastKnownFileType = sourcecode.swift; path = PlayerDotView.swift; sourceTree = "<group>"; };
		384223F3207281D9007AD141 /* UIColor.swift */ = {isa = PBXFileReference; lastKnownFileType = sourcecode.swift; path = UIColor.swift; sourceTree = "<group>"; };
		387883A920679AC300DBB83C /* MapViewController.swift */ = {isa = PBXFileReference; lastKnownFileType = sourcecode.swift; path = MapViewController.swift; sourceTree = "<group>"; };
		387883AB20679DE300DBB83C /* PageViewController.swift */ = {isa = PBXFileReference; lastKnownFileType = sourcecode.swift; path = PageViewController.swift; sourceTree = "<group>"; };
		387883AD2067A1A200DBB83C /* StatsViewController.swift */ = {isa = PBXFileReference; lastKnownFileType = sourcecode.swift; path = StatsViewController.swift; sourceTree = "<group>"; };
		387D86F62091D95B000E0736 /* PlayerDetailsCollectionViewCell.xib */ = {isa = PBXFileReference; fileEncoding = 4; lastKnownFileType = file.xib; path = PlayerDetailsCollectionViewCell.xib; sourceTree = "<group>"; };
		387D86F82091D961000E0736 /* PlayerDetailsCollectionViewCell.swift */ = {isa = PBXFileReference; fileEncoding = 4; lastKnownFileType = sourcecode.swift; path = PlayerDetailsCollectionViewCell.swift; sourceTree = "<group>"; };
		387D86FA2091D96D000E0736 /* PlayerDetailsViewController.swift */ = {isa = PBXFileReference; fileEncoding = 4; lastKnownFileType = sourcecode.swift; path = PlayerDetailsViewController.swift; sourceTree = "<group>"; };
		38997AE4205AB54C0075B508 /* Player.swift */ = {isa = PBXFileReference; lastKnownFileType = sourcecode.swift; path = Player.swift; sourceTree = "<group>"; };
		38997AE6205AB5640075B508 /* Team.swift */ = {isa = PBXFileReference; lastKnownFileType = sourcecode.swift; path = Team.swift; sourceTree = "<group>"; };
		38997AE8205AB5760075B508 /* Game.swift */ = {isa = PBXFileReference; lastKnownFileType = sourcecode.swift; path = Game.swift; sourceTree = "<group>"; };
		38997AED205AB8680075B508 /* PlayerCell.swift */ = {isa = PBXFileReference; lastKnownFileType = sourcecode.swift; path = PlayerCell.swift; sourceTree = "<group>"; };
		389AAED920BAC9BB00ADAA5E /* SteamClient.swift */ = {isa = PBXFileReference; lastKnownFileType = sourcecode.swift; path = SteamClient.swift; sourceTree = "<group>"; };
		389AAEDB20BAE17100ADAA5E /* SteamProfile.swift */ = {isa = PBXFileReference; lastKnownFileType = sourcecode.swift; path = SteamProfile.swift; sourceTree = "<group>"; };
		389EC20F20810A8200F17163 /* GrenadeType.swift */ = {isa = PBXFileReference; lastKnownFileType = sourcecode.swift; path = GrenadeType.swift; sourceTree = "<group>"; };
		389EC21220810D4800F17163 /* Weapon.swift */ = {isa = PBXFileReference; lastKnownFileType = sourcecode.swift; path = Weapon.swift; sourceTree = "<group>"; };
		38A5CEC22068377500442BBD /* FadedTableView.swift */ = {isa = PBXFileReference; lastKnownFileType = sourcecode.swift; path = FadedTableView.swift; sourceTree = "<group>"; };
		38B0A83120B0A6C200B597F4 /* String.swift */ = {isa = PBXFileReference; lastKnownFileType = sourcecode.swift; path = String.swift; sourceTree = "<group>"; };
		38B1C4ED205BEC890061EDC9 /* .swiftlint.yml */ = {isa = PBXFileReference; lastKnownFileType = text; path = .swiftlint.yml; sourceTree = "<group>"; };
		38CC63AD20CD173D00AEB0A6 /* HistoryTableViewCell.swift */ = {isa = PBXFileReference; lastKnownFileType = sourcecode.swift; name = HistoryTableViewCell.swift; path = HistoryTableViewCell/HistoryTableViewCell.swift; sourceTree = "<group>"; };
		38CC63AE20CD173D00AEB0A6 /* HistoryTableViewCell.xib */ = {isa = PBXFileReference; lastKnownFileType = file.xib; name = HistoryTableViewCell.xib; path = HistoryTableViewCell/HistoryTableViewCell.xib; sourceTree = "<group>"; };
		38CFFF8420848A0F0030ADBD /* sample.json */ = {isa = PBXFileReference; fileEncoding = 4; lastKnownFileType = text.json; path = sample.json; sourceTree = "<group>"; };
		38D08A0D20552540009A98B4 /* Alamofire.framework */ = {isa = PBXFileReference; explicitFileType = wrapper.framework; path = Alamofire.framework; sourceTree = BUILT_PRODUCTS_DIR; };
		3F8F4799206C3D2200467587 /* SettingsViewController.swift */ = {isa = PBXFileReference; lastKnownFileType = sourcecode.swift; path = SettingsViewController.swift; sourceTree = "<group>"; };
		3F8F479B206C3D3200467587 /* HistoryViewController.swift */ = {isa = PBXFileReference; lastKnownFileType = sourcecode.swift; path = HistoryViewController.swift; sourceTree = "<group>"; };
		41C89A81E1AF38B8CAA33BB7 /* Pods-CSGOSpectatorKit.release.xcconfig */ = {isa = PBXFileReference; includeInIndex = 1; lastKnownFileType = text.xcconfig; name = "Pods-CSGOSpectatorKit.release.xcconfig"; path = "Pods/Target Support Files/Pods-CSGOSpectatorKit/Pods-CSGOSpectatorKit.release.xcconfig"; sourceTree = "<group>"; };
		57E449C1A93E7553E65C5862 /* Pods_CSGOSpectatorUITests.framework */ = {isa = PBXFileReference; explicitFileType = wrapper.framework; includeInIndex = 0; path = Pods_CSGOSpectatorUITests.framework; sourceTree = BUILT_PRODUCTS_DIR; };
		58740F504E72DAD873D6E895 /* Pods_CSGOSpectatorKitTests.framework */ = {isa = PBXFileReference; explicitFileType = wrapper.framework; includeInIndex = 0; path = Pods_CSGOSpectatorKitTests.framework; sourceTree = BUILT_PRODUCTS_DIR; };
		809C7F6E3035C0843FB6FEEF /* Pods-CSGOSpectatorTests.release.xcconfig */ = {isa = PBXFileReference; includeInIndex = 1; lastKnownFileType = text.xcconfig; name = "Pods-CSGOSpectatorTests.release.xcconfig"; path = "Pods/Target Support Files/Pods-CSGOSpectatorTests/Pods-CSGOSpectatorTests.release.xcconfig"; sourceTree = "<group>"; };
		9BDA682A047699D926322EDB /* Pods-CSGOSpectatorKitTests.release.xcconfig */ = {isa = PBXFileReference; includeInIndex = 1; lastKnownFileType = text.xcconfig; name = "Pods-CSGOSpectatorKitTests.release.xcconfig"; path = "Pods/Target Support Files/Pods-CSGOSpectatorKitTests/Pods-CSGOSpectatorKitTests.release.xcconfig"; sourceTree = "<group>"; };
		A1DE5DF4836CBEE7383F2941 /* Pods_CSGOSpectatorKit.framework */ = {isa = PBXFileReference; explicitFileType = wrapper.framework; includeInIndex = 0; path = Pods_CSGOSpectatorKit.framework; sourceTree = BUILT_PRODUCTS_DIR; };
		A2E4CFA40396D7412E105869 /* Pods_CSGOSpectator.framework */ = {isa = PBXFileReference; explicitFileType = wrapper.framework; includeInIndex = 0; path = Pods_CSGOSpectator.framework; sourceTree = BUILT_PRODUCTS_DIR; };
		A9660A4844E48D136F4C0DDF /* Pods-CSGOSpectatorKit.debug.xcconfig */ = {isa = PBXFileReference; includeInIndex = 1; lastKnownFileType = text.xcconfig; name = "Pods-CSGOSpectatorKit.debug.xcconfig"; path = "Pods/Target Support Files/Pods-CSGOSpectatorKit/Pods-CSGOSpectatorKit.debug.xcconfig"; sourceTree = "<group>"; };
		C6D004853017C58984645597 /* Pods-CSGOSpectatorKitTests.debug.xcconfig */ = {isa = PBXFileReference; includeInIndex = 1; lastKnownFileType = text.xcconfig; name = "Pods-CSGOSpectatorKitTests.debug.xcconfig"; path = "Pods/Target Support Files/Pods-CSGOSpectatorKitTests/Pods-CSGOSpectatorKitTests.debug.xcconfig"; sourceTree = "<group>"; };
		CEE63CD3204ACE4F004ADBC4 /* CSGOSpectator.app */ = {isa = PBXFileReference; explicitFileType = wrapper.application; includeInIndex = 0; path = CSGOSpectator.app; sourceTree = BUILT_PRODUCTS_DIR; };
		CEE63CD6204ACE4F004ADBC4 /* AppDelegate.swift */ = {isa = PBXFileReference; lastKnownFileType = sourcecode.swift; path = AppDelegate.swift; sourceTree = "<group>"; };
		CEE63CD8204ACE4F004ADBC4 /* LiveViewController.swift */ = {isa = PBXFileReference; lastKnownFileType = sourcecode.swift; path = LiveViewController.swift; sourceTree = "<group>"; };
		CEE63CDB204ACE4F004ADBC4 /* Base */ = {isa = PBXFileReference; lastKnownFileType = file.storyboard; name = Base; path = Base.lproj/Main.storyboard; sourceTree = "<group>"; };
		CEE63CDD204ACE4F004ADBC4 /* Assets.xcassets */ = {isa = PBXFileReference; lastKnownFileType = folder.assetcatalog; path = Assets.xcassets; sourceTree = "<group>"; };
		CEE63CE0204ACE4F004ADBC4 /* Base */ = {isa = PBXFileReference; lastKnownFileType = file.storyboard; name = Base; path = Base.lproj/LaunchScreen.storyboard; sourceTree = "<group>"; };
		CEE63CE2204ACE4F004ADBC4 /* Info.plist */ = {isa = PBXFileReference; lastKnownFileType = text.plist.xml; path = Info.plist; sourceTree = "<group>"; };
		CEE63CE7204ACE4F004ADBC4 /* CSGOSpectatorTests.xctest */ = {isa = PBXFileReference; explicitFileType = wrapper.cfbundle; includeInIndex = 0; path = CSGOSpectatorTests.xctest; sourceTree = BUILT_PRODUCTS_DIR; };
		CEE63CEB204ACE4F004ADBC4 /* CSGOSpectatorTests.swift */ = {isa = PBXFileReference; lastKnownFileType = sourcecode.swift; path = CSGOSpectatorTests.swift; sourceTree = "<group>"; };
		CEE63CED204ACE4F004ADBC4 /* Info.plist */ = {isa = PBXFileReference; lastKnownFileType = text.plist.xml; path = Info.plist; sourceTree = "<group>"; };
		CEE63CF2204ACE4F004ADBC4 /* CSGOSpectatorUITests.xctest */ = {isa = PBXFileReference; explicitFileType = wrapper.cfbundle; includeInIndex = 0; path = CSGOSpectatorUITests.xctest; sourceTree = BUILT_PRODUCTS_DIR; };
		CEE63CF6204ACE4F004ADBC4 /* CSGOSpectatorUITests.swift */ = {isa = PBXFileReference; lastKnownFileType = sourcecode.swift; path = CSGOSpectatorUITests.swift; sourceTree = "<group>"; };
		CEE63CF8204ACE4F004ADBC4 /* Info.plist */ = {isa = PBXFileReference; lastKnownFileType = text.plist.xml; path = Info.plist; sourceTree = "<group>"; };
		CEE63D09204AD2F1004ADBC4 /* CSGOSpectatorKit.framework */ = {isa = PBXFileReference; explicitFileType = wrapper.framework; includeInIndex = 0; path = CSGOSpectatorKit.framework; sourceTree = BUILT_PRODUCTS_DIR; };
		CEE63D0B204AD2F1004ADBC4 /* CSGOSpectatorKit.h */ = {isa = PBXFileReference; lastKnownFileType = sourcecode.c.h; path = CSGOSpectatorKit.h; sourceTree = "<group>"; };
		CEE63D0C204AD2F1004ADBC4 /* Info.plist */ = {isa = PBXFileReference; lastKnownFileType = text.plist.xml; path = Info.plist; sourceTree = "<group>"; };
		CEE63D11204AD2F1004ADBC4 /* CSGOSpectatorKitTests.xctest */ = {isa = PBXFileReference; explicitFileType = wrapper.cfbundle; includeInIndex = 0; path = CSGOSpectatorKitTests.xctest; sourceTree = BUILT_PRODUCTS_DIR; };
		CEE63D18204AD2F1004ADBC4 /* CSGOSpectatorKitTests.swift */ = {isa = PBXFileReference; lastKnownFileType = sourcecode.swift; path = CSGOSpectatorKitTests.swift; sourceTree = "<group>"; };
		CEE63D1A204AD2F1004ADBC4 /* Info.plist */ = {isa = PBXFileReference; lastKnownFileType = text.plist.xml; path = Info.plist; sourceTree = "<group>"; };
		E1A8BA80F12EAA7788A62BD1 /* Pods-CSGOSpectatorUITests.debug.xcconfig */ = {isa = PBXFileReference; includeInIndex = 1; lastKnownFileType = text.xcconfig; name = "Pods-CSGOSpectatorUITests.debug.xcconfig"; path = "Pods/Target Support Files/Pods-CSGOSpectatorUITests/Pods-CSGOSpectatorUITests.debug.xcconfig"; sourceTree = "<group>"; };
		E241CB7DA4C19E985B16BF21 /* Pods-CSGOSpectatorUITests.release.xcconfig */ = {isa = PBXFileReference; includeInIndex = 1; lastKnownFileType = text.xcconfig; name = "Pods-CSGOSpectatorUITests.release.xcconfig"; path = "Pods/Target Support Files/Pods-CSGOSpectatorUITests/Pods-CSGOSpectatorUITests.release.xcconfig"; sourceTree = "<group>"; };
		E77C51A420CD02C500D90889 /* Player.swift */ = {isa = PBXFileReference; lastKnownFileType = sourcecode.swift; path = Player.swift; sourceTree = "<group>"; };
		F16736938998EDDA7391ADDF /* Pods-CSGOSpectator.debug.xcconfig */ = {isa = PBXFileReference; includeInIndex = 1; lastKnownFileType = text.xcconfig; name = "Pods-CSGOSpectator.debug.xcconfig"; path = "Pods/Target Support Files/Pods-CSGOSpectator/Pods-CSGOSpectator.debug.xcconfig"; sourceTree = "<group>"; };
		F8C9289B123620B51961248F /* Pods-CSGOSpectator.release.xcconfig */ = {isa = PBXFileReference; includeInIndex = 1; lastKnownFileType = text.xcconfig; name = "Pods-CSGOSpectator.release.xcconfig"; path = "Pods/Target Support Files/Pods-CSGOSpectator/Pods-CSGOSpectator.release.xcconfig"; sourceTree = "<group>"; };
/* End PBXFileReference section */

/* Begin PBXFrameworksBuildPhase section */
		CEE63CD0204ACE4F004ADBC4 /* Frameworks */ = {
			isa = PBXFrameworksBuildPhase;
			buildActionMask = 2147483647;
			files = (
				CEE63D1E204AD2F1004ADBC4 /* CSGOSpectatorKit.framework in Frameworks */,
				50D9D7900E070101339B1EDC /* Pods_CSGOSpectator.framework in Frameworks */,
			);
			runOnlyForDeploymentPostprocessing = 0;
		};
		CEE63CE4204ACE4F004ADBC4 /* Frameworks */ = {
			isa = PBXFrameworksBuildPhase;
			buildActionMask = 2147483647;
			files = (
				103D57397B5980123FCC2F7E /* Pods_CSGOSpectatorTests.framework in Frameworks */,
			);
			runOnlyForDeploymentPostprocessing = 0;
		};
		CEE63CEF204ACE4F004ADBC4 /* Frameworks */ = {
			isa = PBXFrameworksBuildPhase;
			buildActionMask = 2147483647;
			files = (
				FF94AE27C2EE79A8A6471D31 /* Pods_CSGOSpectatorUITests.framework in Frameworks */,
			);
			runOnlyForDeploymentPostprocessing = 0;
		};
		CEE63D05204AD2F1004ADBC4 /* Frameworks */ = {
			isa = PBXFrameworksBuildPhase;
			buildActionMask = 2147483647;
			files = (
				38D08A0C20552540009A98B4 /* Alamofire.framework in Frameworks */,
				1212F36BAD06071A3B4CAF19 /* Pods_CSGOSpectatorKit.framework in Frameworks */,
			);
			runOnlyForDeploymentPostprocessing = 0;
		};
		CEE63D0E204AD2F1004ADBC4 /* Frameworks */ = {
			isa = PBXFrameworksBuildPhase;
			buildActionMask = 2147483647;
			files = (
				CEE63D12204AD2F1004ADBC4 /* CSGOSpectatorKit.framework in Frameworks */,
				5117F39D787DCF8AE039CFD0 /* Pods_CSGOSpectatorKitTests.framework in Frameworks */,
			);
			runOnlyForDeploymentPostprocessing = 0;
		};
/* End PBXFrameworksBuildPhase section */

/* Begin PBXGroup section */
		27F638DB36AC98A680C36957 /* Frameworks */ = {
			isa = PBXGroup;
			children = (
				38D08A0D20552540009A98B4 /* Alamofire.framework */,
				A2E4CFA40396D7412E105869 /* Pods_CSGOSpectator.framework */,
				A1DE5DF4836CBEE7383F2941 /* Pods_CSGOSpectatorKit.framework */,
				58740F504E72DAD873D6E895 /* Pods_CSGOSpectatorKitTests.framework */,
				19CE8F1E1F9278FDB28A9FA0 /* Pods_CSGOSpectatorTests.framework */,
				57E449C1A93E7553E65C5862 /* Pods_CSGOSpectatorUITests.framework */,
			);
			name = Frameworks;
			sourceTree = "<group>";
		};
		3813321420B01C1B008450F6 /* PlayerDrawerView */ = {
			isa = PBXGroup;
			children = (
				383378B820A73DDF009BE1D5 /* PlayerDrawerView.swift */,
				3839872C20AB2C9A0055AEC0 /* PlayerDrawerView.xib */,
			);
			path = PlayerDrawerView;
			sourceTree = "<group>";
		};
		3813323D20B032D5008450F6 /* WeaponCollectionViewCell */ = {
			isa = PBXGroup;
			children = (
				3813323920B02CC0008450F6 /* WeaponCollectionViewCell.swift */,
				3813323A20B02CC0008450F6 /* WeaponCollectionViewCell.xib */,
			);
			path = WeaponCollectionViewCell;
			sourceTree = "<group>";
		};
		383DA126209C8F50009ECBD7 /* PlayerDotView */ = {
			isa = PBXGroup;
			children = (
				383DA128209C8F5D009ECBD7 /* PlayerDotView.swift */,
				383DA127209C8F5D009ECBD7 /* PlayerDotView.xib */,
			);
			path = PlayerDotView;
			sourceTree = "<group>";
		};
		38997AE3205AB52B0075B508 /* Model */ = {
			isa = PBXGroup;
			children = (
				38997AE4205AB54C0075B508 /* Player.swift */,
				38997AE6205AB5640075B508 /* Team.swift */,
				38997AE8205AB5760075B508 /* Game.swift */,
				389EC20F20810A8200F17163 /* GrenadeType.swift */,
				389EC21220810D4800F17163 /* Weapon.swift */,
				389AAEDB20BAE17100ADAA5E /* SteamProfile.swift */,
			);
			path = Model;
			sourceTree = "<group>";
		};
		38997AEA205AB7910075B508 /* View */ = {
			isa = PBXGroup;
			children = (
				3813321420B01C1B008450F6 /* PlayerDrawerView */,
				383DA126209C8F50009ECBD7 /* PlayerDotView */,
				38997AF1205ABC2B0075B508 /* ResultsHeaderView */,
				38C618B52092523E00103CF1 /* PlayerDetailsCollectionViewCell */,
				3813323D20B032D5008450F6 /* WeaponCollectionViewCell */,
				38997AED205AB8680075B508 /* PlayerCell.swift */,
				38294237205AD82100295B84 /* DetailScoreView.swift */,
				38A5CEC22068377500442BBD /* FadedTableView.swift */,
				38CC63AD20CD173D00AEB0A6 /* HistoryTableViewCell.swift */,
				38CC63AE20CD173D00AEB0A6 /* HistoryTableViewCell.xib */,
			);
			path = View;
			sourceTree = "<group>";
		};
		38997AEB205AB79E0075B508 /* Controller */ = {
			isa = PBXGroup;
			children = (
				CEE63CD8204ACE4F004ADBC4 /* LiveViewController.swift */,
				387883A920679AC300DBB83C /* MapViewController.swift */,
				387883AB20679DE300DBB83C /* PageViewController.swift */,
				3F8F4799206C3D2200467587 /* SettingsViewController.swift */,
				387883AD2067A1A200DBB83C /* StatsViewController.swift */,
				3F8F479B206C3D3200467587 /* HistoryViewController.swift */,
				387D86FA2091D96D000E0736 /* PlayerDetailsViewController.swift */,
			);
			path = Controller;
			sourceTree = "<group>";
		};
		38997AF1205ABC2B0075B508 /* ResultsHeaderView */ = {
			isa = PBXGroup;
			children = (
				3829422F205AC2EA00295B84 /* ResultsHeaderView.swift */,
				38294231205AC30900295B84 /* ResultsHeaderView.xib */,
			);
			path = ResultsHeaderView;
			sourceTree = "<group>";
		};
		38C1B24B206189D900CE7526 /* Extensions */ = {
			isa = PBXGroup;
			children = (
				38294233205AC72300295B84 /* Int.swift */,
				384223F3207281D9007AD141 /* UIColor.swift */,
				38B0A83120B0A6C200B597F4 /* String.swift */,
				E77C51A420CD02C500D90889 /* Player.swift */,
			);
			path = Extensions;
			sourceTree = "<group>";
		};
		38C618B52092523E00103CF1 /* PlayerDetailsCollectionViewCell */ = {
			isa = PBXGroup;
			children = (
				387D86F82091D961000E0736 /* PlayerDetailsCollectionViewCell.swift */,
				387D86F62091D95B000E0736 /* PlayerDetailsCollectionViewCell.xib */,
			);
			path = PlayerDetailsCollectionViewCell;
			sourceTree = "<group>";
		};
		3F5CB36D09A2F6125AA8E350 /* Pods */ = {
			isa = PBXGroup;
			children = (
				F16736938998EDDA7391ADDF /* Pods-CSGOSpectator.debug.xcconfig */,
				F8C9289B123620B51961248F /* Pods-CSGOSpectator.release.xcconfig */,
				A9660A4844E48D136F4C0DDF /* Pods-CSGOSpectatorKit.debug.xcconfig */,
				41C89A81E1AF38B8CAA33BB7 /* Pods-CSGOSpectatorKit.release.xcconfig */,
				C6D004853017C58984645597 /* Pods-CSGOSpectatorKitTests.debug.xcconfig */,
				9BDA682A047699D926322EDB /* Pods-CSGOSpectatorKitTests.release.xcconfig */,
				28447CBDDCC154AB97B1B511 /* Pods-CSGOSpectatorTests.debug.xcconfig */,
				809C7F6E3035C0843FB6FEEF /* Pods-CSGOSpectatorTests.release.xcconfig */,
				E1A8BA80F12EAA7788A62BD1 /* Pods-CSGOSpectatorUITests.debug.xcconfig */,
				E241CB7DA4C19E985B16BF21 /* Pods-CSGOSpectatorUITests.release.xcconfig */,
			);
			name = Pods;
			sourceTree = "<group>";
		};
		CEE63CCA204ACE4F004ADBC4 = {
			isa = PBXGroup;
			children = (
				CEE63CD5204ACE4F004ADBC4 /* CSGOSpectator */,
				38B1C4ED205BEC890061EDC9 /* .swiftlint.yml */,
				CEE63D0A204AD2F1004ADBC4 /* CSGOSpectatorKit */,
				CEE63CEA204ACE4F004ADBC4 /* CSGOSpectatorTests */,
				CEE63CF5204ACE4F004ADBC4 /* CSGOSpectatorUITests */,
				CEE63D17204AD2F1004ADBC4 /* CSGOSpectatorKitTests */,
				CEE63CD4204ACE4F004ADBC4 /* Products */,
				3F5CB36D09A2F6125AA8E350 /* Pods */,
				27F638DB36AC98A680C36957 /* Frameworks */,
			);
			sourceTree = "<group>";
		};
		CEE63CD4204ACE4F004ADBC4 /* Products */ = {
			isa = PBXGroup;
			children = (
				CEE63CD3204ACE4F004ADBC4 /* CSGOSpectator.app */,
				CEE63CE7204ACE4F004ADBC4 /* CSGOSpectatorTests.xctest */,
				CEE63CF2204ACE4F004ADBC4 /* CSGOSpectatorUITests.xctest */,
				CEE63D09204AD2F1004ADBC4 /* CSGOSpectatorKit.framework */,
				CEE63D11204AD2F1004ADBC4 /* CSGOSpectatorKitTests.xctest */,
			);
			name = Products;
			sourceTree = "<group>";
		};
		CEE63CD5204ACE4F004ADBC4 /* CSGOSpectator */ = {
			isa = PBXGroup;
			children = (
				38C1B24B206189D900CE7526 /* Extensions */,
				38997AEB205AB79E0075B508 /* Controller */,
				38997AEA205AB7910075B508 /* View */,
				389AAED920BAC9BB00ADAA5E /* SteamClient.swift */,
				CEE63CD6204ACE4F004ADBC4 /* AppDelegate.swift */,
				CEE63CDA204ACE4F004ADBC4 /* Main.storyboard */,
				CEE63CDD204ACE4F004ADBC4 /* Assets.xcassets */,
				CEE63CDF204ACE4F004ADBC4 /* LaunchScreen.storyboard */,
				38130791206A98DD00BC2BE3 /* model.json */,
				38CFFF8420848A0F0030ADBD /* sample.json */,
				CEE63CE2204ACE4F004ADBC4 /* Info.plist */,
			);
			path = CSGOSpectator;
			sourceTree = "<group>";
		};
		CEE63CEA204ACE4F004ADBC4 /* CSGOSpectatorTests */ = {
			isa = PBXGroup;
			children = (
				CEE63CEB204ACE4F004ADBC4 /* CSGOSpectatorTests.swift */,
				CEE63CED204ACE4F004ADBC4 /* Info.plist */,
			);
			path = CSGOSpectatorTests;
			sourceTree = "<group>";
		};
		CEE63CF5204ACE4F004ADBC4 /* CSGOSpectatorUITests */ = {
			isa = PBXGroup;
			children = (
				CEE63CF6204ACE4F004ADBC4 /* CSGOSpectatorUITests.swift */,
				CEE63CF8204ACE4F004ADBC4 /* Info.plist */,
			);
			path = CSGOSpectatorUITests;
			sourceTree = "<group>";
		};
		CEE63D0A204AD2F1004ADBC4 /* CSGOSpectatorKit */ = {
			isa = PBXGroup;
			children = (
				38997AE3205AB52B0075B508 /* Model */,
				CEE63D0B204AD2F1004ADBC4 /* CSGOSpectatorKit.h */,
				CEE63D0C204AD2F1004ADBC4 /* Info.plist */,
			);
			path = CSGOSpectatorKit;
			sourceTree = "<group>";
		};
		CEE63D17204AD2F1004ADBC4 /* CSGOSpectatorKitTests */ = {
			isa = PBXGroup;
			children = (
				CEE63D18204AD2F1004ADBC4 /* CSGOSpectatorKitTests.swift */,
				CEE63D1A204AD2F1004ADBC4 /* Info.plist */,
			);
			path = CSGOSpectatorKitTests;
			sourceTree = "<group>";
		};
/* End PBXGroup section */

/* Begin PBXHeadersBuildPhase section */
		CEE63D06204AD2F1004ADBC4 /* Headers */ = {
			isa = PBXHeadersBuildPhase;
			buildActionMask = 2147483647;
			files = (
				CEE63D1B204AD2F1004ADBC4 /* CSGOSpectatorKit.h in Headers */,
			);
			runOnlyForDeploymentPostprocessing = 0;
		};
/* End PBXHeadersBuildPhase section */

/* Begin PBXNativeTarget section */
		CEE63CD2204ACE4F004ADBC4 /* CSGOSpectator */ = {
			isa = PBXNativeTarget;
			buildConfigurationList = CEE63CFB204ACE4F004ADBC4 /* Build configuration list for PBXNativeTarget "CSGOSpectator" */;
			buildPhases = (
				4CA03902959F0ABCF89EA889 /* [CP] Check Pods Manifest.lock */,
				CEE63CCF204ACE4F004ADBC4 /* Sources */,
				CEE63CD0204ACE4F004ADBC4 /* Frameworks */,
				CEE63CD1204ACE4F004ADBC4 /* Resources */,
				CEE63D23204AD2F1004ADBC4 /* Embed Frameworks */,
				868BD326F952B61C53989ECE /* [CP] Embed Pods Frameworks */,
				1D348E18483C5484AA241A01 /* [CP] Copy Pods Resources */,
				3883F7F0205BE6F7009C51C5 /* ShellScript */,
			);
			buildRules = (
			);
			dependencies = (
				CEE63D1D204AD2F1004ADBC4 /* PBXTargetDependency */,
			);
			name = CSGOSpectator;
			productName = CSGOSpectator;
			productReference = CEE63CD3204ACE4F004ADBC4 /* CSGOSpectator.app */;
			productType = "com.apple.product-type.application";
		};
		CEE63CE6204ACE4F004ADBC4 /* CSGOSpectatorTests */ = {
			isa = PBXNativeTarget;
			buildConfigurationList = CEE63CFE204ACE4F004ADBC4 /* Build configuration list for PBXNativeTarget "CSGOSpectatorTests" */;
			buildPhases = (
				8B4BEEE9D825C197E9469A35 /* [CP] Check Pods Manifest.lock */,
				CEE63CE3204ACE4F004ADBC4 /* Sources */,
				CEE63CE4204ACE4F004ADBC4 /* Frameworks */,
				CEE63CE5204ACE4F004ADBC4 /* Resources */,
				74A243E1874F76D355CF9F64 /* [CP] Embed Pods Frameworks */,
				E8BFA0963FABC4FC83492B6E /* [CP] Copy Pods Resources */,
			);
			buildRules = (
			);
			dependencies = (
				CEE63CE9204ACE4F004ADBC4 /* PBXTargetDependency */,
			);
			name = CSGOSpectatorTests;
			productName = CSGOSpectatorTests;
			productReference = CEE63CE7204ACE4F004ADBC4 /* CSGOSpectatorTests.xctest */;
			productType = "com.apple.product-type.bundle.unit-test";
		};
		CEE63CF1204ACE4F004ADBC4 /* CSGOSpectatorUITests */ = {
			isa = PBXNativeTarget;
			buildConfigurationList = CEE63D01204ACE4F004ADBC4 /* Build configuration list for PBXNativeTarget "CSGOSpectatorUITests" */;
			buildPhases = (
				EEA63EA41351D1D0A5BC6B68 /* [CP] Check Pods Manifest.lock */,
				CEE63CEE204ACE4F004ADBC4 /* Sources */,
				CEE63CEF204ACE4F004ADBC4 /* Frameworks */,
				CEE63CF0204ACE4F004ADBC4 /* Resources */,
				1FBEF019F351041B3EB014B3 /* [CP] Embed Pods Frameworks */,
				6FDBDB36426FAABF94E87544 /* [CP] Copy Pods Resources */,
			);
			buildRules = (
			);
			dependencies = (
				CEE63CF4204ACE4F004ADBC4 /* PBXTargetDependency */,
			);
			name = CSGOSpectatorUITests;
			productName = CSGOSpectatorUITests;
			productReference = CEE63CF2204ACE4F004ADBC4 /* CSGOSpectatorUITests.xctest */;
			productType = "com.apple.product-type.bundle.ui-testing";
		};
		CEE63D08204AD2F1004ADBC4 /* CSGOSpectatorKit */ = {
			isa = PBXNativeTarget;
			buildConfigurationList = CEE63D20204AD2F1004ADBC4 /* Build configuration list for PBXNativeTarget "CSGOSpectatorKit" */;
			buildPhases = (
				3DF055913B891335539DE836 /* [CP] Check Pods Manifest.lock */,
				CEE63D04204AD2F1004ADBC4 /* Sources */,
				CEE63D05204AD2F1004ADBC4 /* Frameworks */,
				CEE63D06204AD2F1004ADBC4 /* Headers */,
				CEE63D07204AD2F1004ADBC4 /* Resources */,
				AE12AE2FB9E3D9BB1BFE9D49 /* [CP] Copy Pods Resources */,
			);
			buildRules = (
			);
			dependencies = (
			);
			name = CSGOSpectatorKit;
			productName = CSGOSpectatorKit;
			productReference = CEE63D09204AD2F1004ADBC4 /* CSGOSpectatorKit.framework */;
			productType = "com.apple.product-type.framework";
		};
		CEE63D10204AD2F1004ADBC4 /* CSGOSpectatorKitTests */ = {
			isa = PBXNativeTarget;
			buildConfigurationList = CEE63D24204AD2F1004ADBC4 /* Build configuration list for PBXNativeTarget "CSGOSpectatorKitTests" */;
			buildPhases = (
				9BC80BEDD6C73FE22990A7D4 /* [CP] Check Pods Manifest.lock */,
				CEE63D0D204AD2F1004ADBC4 /* Sources */,
				CEE63D0E204AD2F1004ADBC4 /* Frameworks */,
				CEE63D0F204AD2F1004ADBC4 /* Resources */,
				79CE6FF36598806C2BD6B461 /* [CP] Embed Pods Frameworks */,
				E54EC2A85528EAD02799398D /* [CP] Copy Pods Resources */,
			);
			buildRules = (
			);
			dependencies = (
				CEE63D14204AD2F1004ADBC4 /* PBXTargetDependency */,
				CEE63D16204AD2F1004ADBC4 /* PBXTargetDependency */,
			);
			name = CSGOSpectatorKitTests;
			productName = CSGOSpectatorKitTests;
			productReference = CEE63D11204AD2F1004ADBC4 /* CSGOSpectatorKitTests.xctest */;
			productType = "com.apple.product-type.bundle.unit-test";
		};
/* End PBXNativeTarget section */

/* Begin PBXProject section */
		CEE63CCB204ACE4F004ADBC4 /* Project object */ = {
			isa = PBXProject;
			attributes = {
				LastSwiftUpdateCheck = 0920;
				LastUpgradeCheck = 0920;
				ORGANIZATIONNAME = intive;
				TargetAttributes = {
					CEE63CD2204ACE4F004ADBC4 = {
						CreatedOnToolsVersion = 9.2;
						ProvisioningStyle = Automatic;
					};
					CEE63CE6204ACE4F004ADBC4 = {
						CreatedOnToolsVersion = 9.2;
						ProvisioningStyle = Automatic;
						TestTargetID = CEE63CD2204ACE4F004ADBC4;
					};
					CEE63CF1204ACE4F004ADBC4 = {
						CreatedOnToolsVersion = 9.2;
						ProvisioningStyle = Automatic;
						TestTargetID = CEE63CD2204ACE4F004ADBC4;
					};
					CEE63D08204AD2F1004ADBC4 = {
						CreatedOnToolsVersion = 9.2;
						ProvisioningStyle = Automatic;
					};
					CEE63D10204AD2F1004ADBC4 = {
						CreatedOnToolsVersion = 9.2;
						ProvisioningStyle = Automatic;
						TestTargetID = CEE63CD2204ACE4F004ADBC4;
					};
				};
			};
			buildConfigurationList = CEE63CCE204ACE4F004ADBC4 /* Build configuration list for PBXProject "CSGOSpectator" */;
			compatibilityVersion = "Xcode 8.0";
			developmentRegion = en;
			hasScannedForEncodings = 0;
			knownRegions = (
				en,
				Base,
			);
			mainGroup = CEE63CCA204ACE4F004ADBC4;
			productRefGroup = CEE63CD4204ACE4F004ADBC4 /* Products */;
			projectDirPath = "";
			projectRoot = "";
			targets = (
				CEE63CD2204ACE4F004ADBC4 /* CSGOSpectator */,
				CEE63CE6204ACE4F004ADBC4 /* CSGOSpectatorTests */,
				CEE63CF1204ACE4F004ADBC4 /* CSGOSpectatorUITests */,
				CEE63D08204AD2F1004ADBC4 /* CSGOSpectatorKit */,
				CEE63D10204AD2F1004ADBC4 /* CSGOSpectatorKitTests */,
			);
		};
/* End PBXProject section */

/* Begin PBXResourcesBuildPhase section */
		CEE63CD1204ACE4F004ADBC4 /* Resources */ = {
			isa = PBXResourcesBuildPhase;
			buildActionMask = 2147483647;
			files = (
				38B1C4EE205BEC890061EDC9 /* .swiftlint.yml in Resources */,
				383DA129209C8F5D009ECBD7 /* PlayerDotView.xib in Resources */,
				38130792206A98DD00BC2BE3 /* model.json in Resources */,
				38CC63B020CD173D00AEB0A6 /* HistoryTableViewCell.xib in Resources */,
				CEE63CE1204ACE4F004ADBC4 /* LaunchScreen.storyboard in Resources */,
				3813323C20B02CC0008450F6 /* WeaponCollectionViewCell.xib in Resources */,
				3839872D20AB2C9A0055AEC0 /* PlayerDrawerView.xib in Resources */,
				CEE63CDE204ACE4F004ADBC4 /* Assets.xcassets in Resources */,
				38CFFF8520848A0F0030ADBD /* sample.json in Resources */,
				CEE63CDC204ACE4F004ADBC4 /* Main.storyboard in Resources */,
				387D86F72091D95B000E0736 /* PlayerDetailsCollectionViewCell.xib in Resources */,
				38294232205AC30900295B84 /* ResultsHeaderView.xib in Resources */,
			);
			runOnlyForDeploymentPostprocessing = 0;
		};
		CEE63CE5204ACE4F004ADBC4 /* Resources */ = {
			isa = PBXResourcesBuildPhase;
			buildActionMask = 2147483647;
			files = (
			);
			runOnlyForDeploymentPostprocessing = 0;
		};
		CEE63CF0204ACE4F004ADBC4 /* Resources */ = {
			isa = PBXResourcesBuildPhase;
			buildActionMask = 2147483647;
			files = (
			);
			runOnlyForDeploymentPostprocessing = 0;
		};
		CEE63D07204AD2F1004ADBC4 /* Resources */ = {
			isa = PBXResourcesBuildPhase;
			buildActionMask = 2147483647;
			files = (
			);
			runOnlyForDeploymentPostprocessing = 0;
		};
		CEE63D0F204AD2F1004ADBC4 /* Resources */ = {
			isa = PBXResourcesBuildPhase;
			buildActionMask = 2147483647;
			files = (
			);
			runOnlyForDeploymentPostprocessing = 0;
		};
/* End PBXResourcesBuildPhase section */

/* Begin PBXShellScriptBuildPhase section */
		1D348E18483C5484AA241A01 /* [CP] Copy Pods Resources */ = {
			isa = PBXShellScriptBuildPhase;
			buildActionMask = 2147483647;
			files = (
			);
			inputPaths = (
			);
			name = "[CP] Copy Pods Resources";
			outputPaths = (
			);
			runOnlyForDeploymentPostprocessing = 0;
			shellPath = /bin/sh;
			shellScript = "\"${SRCROOT}/Pods/Target Support Files/Pods-CSGOSpectator/Pods-CSGOSpectator-resources.sh\"\n";
			showEnvVarsInLog = 0;
		};
		1FBEF019F351041B3EB014B3 /* [CP] Embed Pods Frameworks */ = {
			isa = PBXShellScriptBuildPhase;
			buildActionMask = 2147483647;
			files = (
			);
			inputPaths = (
			);
			name = "[CP] Embed Pods Frameworks";
			outputPaths = (
			);
			runOnlyForDeploymentPostprocessing = 0;
			shellPath = /bin/sh;
			shellScript = "\"${SRCROOT}/Pods/Target Support Files/Pods-CSGOSpectatorUITests/Pods-CSGOSpectatorUITests-frameworks.sh\"\n";
			showEnvVarsInLog = 0;
		};
		3883F7F0205BE6F7009C51C5 /* ShellScript */ = {
			isa = PBXShellScriptBuildPhase;
			buildActionMask = 2147483647;
			files = (
			);
			inputPaths = (
			);
			outputPaths = (
			);
			runOnlyForDeploymentPostprocessing = 0;
			shellPath = /bin/sh;
			shellScript = "\"${PODS_ROOT}/SwiftLint/swiftlint\"";
		};
		3DF055913B891335539DE836 /* [CP] Check Pods Manifest.lock */ = {
			isa = PBXShellScriptBuildPhase;
			buildActionMask = 2147483647;
			files = (
			);
			inputPaths = (
				"${PODS_PODFILE_DIR_PATH}/Podfile.lock",
				"${PODS_ROOT}/Manifest.lock",
			);
			name = "[CP] Check Pods Manifest.lock";
			outputPaths = (
				"$(DERIVED_FILE_DIR)/Pods-CSGOSpectatorKit-checkManifestLockResult.txt",
			);
			runOnlyForDeploymentPostprocessing = 0;
			shellPath = /bin/sh;
			shellScript = "diff \"${PODS_PODFILE_DIR_PATH}/Podfile.lock\" \"${PODS_ROOT}/Manifest.lock\" > /dev/null\nif [ $? != 0 ] ; then\n    # print error to STDERR\n    echo \"error: The sandbox is not in sync with the Podfile.lock. Run 'pod install' or update your CocoaPods installation.\" >&2\n    exit 1\nfi\n# This output is used by Xcode 'outputs' to avoid re-running this script phase.\necho \"SUCCESS\" > \"${SCRIPT_OUTPUT_FILE_0}\"\n";
			showEnvVarsInLog = 0;
		};
		4CA03902959F0ABCF89EA889 /* [CP] Check Pods Manifest.lock */ = {
			isa = PBXShellScriptBuildPhase;
			buildActionMask = 2147483647;
			files = (
			);
			inputPaths = (
				"${PODS_PODFILE_DIR_PATH}/Podfile.lock",
				"${PODS_ROOT}/Manifest.lock",
			);
			name = "[CP] Check Pods Manifest.lock";
			outputPaths = (
				"$(DERIVED_FILE_DIR)/Pods-CSGOSpectator-checkManifestLockResult.txt",
			);
			runOnlyForDeploymentPostprocessing = 0;
			shellPath = /bin/sh;
			shellScript = "diff \"${PODS_PODFILE_DIR_PATH}/Podfile.lock\" \"${PODS_ROOT}/Manifest.lock\" > /dev/null\nif [ $? != 0 ] ; then\n    # print error to STDERR\n    echo \"error: The sandbox is not in sync with the Podfile.lock. Run 'pod install' or update your CocoaPods installation.\" >&2\n    exit 1\nfi\n# This output is used by Xcode 'outputs' to avoid re-running this script phase.\necho \"SUCCESS\" > \"${SCRIPT_OUTPUT_FILE_0}\"\n";
			showEnvVarsInLog = 0;
		};
		6FDBDB36426FAABF94E87544 /* [CP] Copy Pods Resources */ = {
			isa = PBXShellScriptBuildPhase;
			buildActionMask = 2147483647;
			files = (
			);
			inputPaths = (
			);
			name = "[CP] Copy Pods Resources";
			outputPaths = (
			);
			runOnlyForDeploymentPostprocessing = 0;
			shellPath = /bin/sh;
			shellScript = "\"${SRCROOT}/Pods/Target Support Files/Pods-CSGOSpectatorUITests/Pods-CSGOSpectatorUITests-resources.sh\"\n";
			showEnvVarsInLog = 0;
		};
		74A243E1874F76D355CF9F64 /* [CP] Embed Pods Frameworks */ = {
			isa = PBXShellScriptBuildPhase;
			buildActionMask = 2147483647;
			files = (
			);
			inputPaths = (
			);
			name = "[CP] Embed Pods Frameworks";
			outputPaths = (
			);
			runOnlyForDeploymentPostprocessing = 0;
			shellPath = /bin/sh;
			shellScript = "\"${SRCROOT}/Pods/Target Support Files/Pods-CSGOSpectatorTests/Pods-CSGOSpectatorTests-frameworks.sh\"\n";
			showEnvVarsInLog = 0;
		};
		79CE6FF36598806C2BD6B461 /* [CP] Embed Pods Frameworks */ = {
			isa = PBXShellScriptBuildPhase;
			buildActionMask = 2147483647;
			files = (
			);
			inputPaths = (
				"${SRCROOT}/Pods/Target Support Files/Pods-CSGOSpectatorKitTests/Pods-CSGOSpectatorKitTests-frameworks.sh",
				"${BUILT_PRODUCTS_DIR}/Alamofire/Alamofire.framework",
				"${BUILT_PRODUCTS_DIR}/AlamofireImage/AlamofireImage.framework",
				"${BUILT_PRODUCTS_DIR}/Starscream/Starscream.framework",
			);
			name = "[CP] Embed Pods Frameworks";
			outputPaths = (
				"${TARGET_BUILD_DIR}/${FRAMEWORKS_FOLDER_PATH}/Alamofire.framework",
				"${TARGET_BUILD_DIR}/${FRAMEWORKS_FOLDER_PATH}/AlamofireImage.framework",
				"${TARGET_BUILD_DIR}/${FRAMEWORKS_FOLDER_PATH}/Starscream.framework",
			);
			runOnlyForDeploymentPostprocessing = 0;
			shellPath = /bin/sh;
			shellScript = "\"${SRCROOT}/Pods/Target Support Files/Pods-CSGOSpectatorKitTests/Pods-CSGOSpectatorKitTests-frameworks.sh\"\n";
			showEnvVarsInLog = 0;
		};
		868BD326F952B61C53989ECE /* [CP] Embed Pods Frameworks */ = {
			isa = PBXShellScriptBuildPhase;
			buildActionMask = 2147483647;
			files = (
			);
			inputPaths = (
				"${SRCROOT}/Pods/Target Support Files/Pods-CSGOSpectator/Pods-CSGOSpectator-frameworks.sh",
				"${BUILT_PRODUCTS_DIR}/Alamofire/Alamofire.framework",
				"${BUILT_PRODUCTS_DIR}/AlamofireImage/AlamofireImage.framework",
				"${BUILT_PRODUCTS_DIR}/Starscream/Starscream.framework",
			);
			name = "[CP] Embed Pods Frameworks";
			outputPaths = (
				"${TARGET_BUILD_DIR}/${FRAMEWORKS_FOLDER_PATH}/Alamofire.framework",
				"${TARGET_BUILD_DIR}/${FRAMEWORKS_FOLDER_PATH}/AlamofireImage.framework",
				"${TARGET_BUILD_DIR}/${FRAMEWORKS_FOLDER_PATH}/Starscream.framework",
			);
			runOnlyForDeploymentPostprocessing = 0;
			shellPath = /bin/sh;
			shellScript = "\"${SRCROOT}/Pods/Target Support Files/Pods-CSGOSpectator/Pods-CSGOSpectator-frameworks.sh\"\n";
			showEnvVarsInLog = 0;
		};
		8B4BEEE9D825C197E9469A35 /* [CP] Check Pods Manifest.lock */ = {
			isa = PBXShellScriptBuildPhase;
			buildActionMask = 2147483647;
			files = (
			);
			inputPaths = (
				"${PODS_PODFILE_DIR_PATH}/Podfile.lock",
				"${PODS_ROOT}/Manifest.lock",
			);
			name = "[CP] Check Pods Manifest.lock";
			outputPaths = (
				"$(DERIVED_FILE_DIR)/Pods-CSGOSpectatorTests-checkManifestLockResult.txt",
			);
			runOnlyForDeploymentPostprocessing = 0;
			shellPath = /bin/sh;
			shellScript = "diff \"${PODS_PODFILE_DIR_PATH}/Podfile.lock\" \"${PODS_ROOT}/Manifest.lock\" > /dev/null\nif [ $? != 0 ] ; then\n    # print error to STDERR\n    echo \"error: The sandbox is not in sync with the Podfile.lock. Run 'pod install' or update your CocoaPods installation.\" >&2\n    exit 1\nfi\n# This output is used by Xcode 'outputs' to avoid re-running this script phase.\necho \"SUCCESS\" > \"${SCRIPT_OUTPUT_FILE_0}\"\n";
			showEnvVarsInLog = 0;
		};
		9BC80BEDD6C73FE22990A7D4 /* [CP] Check Pods Manifest.lock */ = {
			isa = PBXShellScriptBuildPhase;
			buildActionMask = 2147483647;
			files = (
			);
			inputPaths = (
				"${PODS_PODFILE_DIR_PATH}/Podfile.lock",
				"${PODS_ROOT}/Manifest.lock",
			);
			name = "[CP] Check Pods Manifest.lock";
			outputPaths = (
				"$(DERIVED_FILE_DIR)/Pods-CSGOSpectatorKitTests-checkManifestLockResult.txt",
			);
			runOnlyForDeploymentPostprocessing = 0;
			shellPath = /bin/sh;
			shellScript = "diff \"${PODS_PODFILE_DIR_PATH}/Podfile.lock\" \"${PODS_ROOT}/Manifest.lock\" > /dev/null\nif [ $? != 0 ] ; then\n    # print error to STDERR\n    echo \"error: The sandbox is not in sync with the Podfile.lock. Run 'pod install' or update your CocoaPods installation.\" >&2\n    exit 1\nfi\n# This output is used by Xcode 'outputs' to avoid re-running this script phase.\necho \"SUCCESS\" > \"${SCRIPT_OUTPUT_FILE_0}\"\n";
			showEnvVarsInLog = 0;
		};
		AE12AE2FB9E3D9BB1BFE9D49 /* [CP] Copy Pods Resources */ = {
			isa = PBXShellScriptBuildPhase;
			buildActionMask = 2147483647;
			files = (
			);
			inputPaths = (
			);
			name = "[CP] Copy Pods Resources";
			outputPaths = (
			);
			runOnlyForDeploymentPostprocessing = 0;
			shellPath = /bin/sh;
			shellScript = "\"${SRCROOT}/Pods/Target Support Files/Pods-CSGOSpectatorKit/Pods-CSGOSpectatorKit-resources.sh\"\n";
			showEnvVarsInLog = 0;
		};
		E54EC2A85528EAD02799398D /* [CP] Copy Pods Resources */ = {
			isa = PBXShellScriptBuildPhase;
			buildActionMask = 2147483647;
			files = (
			);
			inputPaths = (
			);
			name = "[CP] Copy Pods Resources";
			outputPaths = (
			);
			runOnlyForDeploymentPostprocessing = 0;
			shellPath = /bin/sh;
			shellScript = "\"${SRCROOT}/Pods/Target Support Files/Pods-CSGOSpectatorKitTests/Pods-CSGOSpectatorKitTests-resources.sh\"\n";
			showEnvVarsInLog = 0;
		};
		E8BFA0963FABC4FC83492B6E /* [CP] Copy Pods Resources */ = {
			isa = PBXShellScriptBuildPhase;
			buildActionMask = 2147483647;
			files = (
			);
			inputPaths = (
			);
			name = "[CP] Copy Pods Resources";
			outputPaths = (
			);
			runOnlyForDeploymentPostprocessing = 0;
			shellPath = /bin/sh;
			shellScript = "\"${SRCROOT}/Pods/Target Support Files/Pods-CSGOSpectatorTests/Pods-CSGOSpectatorTests-resources.sh\"\n";
			showEnvVarsInLog = 0;
		};
		EEA63EA41351D1D0A5BC6B68 /* [CP] Check Pods Manifest.lock */ = {
			isa = PBXShellScriptBuildPhase;
			buildActionMask = 2147483647;
			files = (
			);
			inputPaths = (
				"${PODS_PODFILE_DIR_PATH}/Podfile.lock",
				"${PODS_ROOT}/Manifest.lock",
			);
			name = "[CP] Check Pods Manifest.lock";
			outputPaths = (
				"$(DERIVED_FILE_DIR)/Pods-CSGOSpectatorUITests-checkManifestLockResult.txt",
			);
			runOnlyForDeploymentPostprocessing = 0;
			shellPath = /bin/sh;
			shellScript = "diff \"${PODS_PODFILE_DIR_PATH}/Podfile.lock\" \"${PODS_ROOT}/Manifest.lock\" > /dev/null\nif [ $? != 0 ] ; then\n    # print error to STDERR\n    echo \"error: The sandbox is not in sync with the Podfile.lock. Run 'pod install' or update your CocoaPods installation.\" >&2\n    exit 1\nfi\n# This output is used by Xcode 'outputs' to avoid re-running this script phase.\necho \"SUCCESS\" > \"${SCRIPT_OUTPUT_FILE_0}\"\n";
			showEnvVarsInLog = 0;
		};
/* End PBXShellScriptBuildPhase section */

/* Begin PBXSourcesBuildPhase section */
		CEE63CCF204ACE4F004ADBC4 /* Sources */ = {
			isa = PBXSourcesBuildPhase;
			buildActionMask = 2147483647;
			files = (
				38294238205AD82100295B84 /* DetailScoreView.swift in Sources */,
				3F8F479C206C3D3200467587 /* HistoryViewController.swift in Sources */,
				383DA12A209C8F5D009ECBD7 /* PlayerDotView.swift in Sources */,
				38A5CEC32068377500442BBD /* FadedTableView.swift in Sources */,
				E77C51A520CD02C500D90889 /* Player.swift in Sources */,
				38997AEF205AB8680075B508 /* PlayerCell.swift in Sources */,
				384223F4207281D9007AD141 /* UIColor.swift in Sources */,
				389AAEDA20BAC9BB00ADAA5E /* SteamClient.swift in Sources */,
				CEE63CD9204ACE4F004ADBC4 /* LiveViewController.swift in Sources */,
				38294234205AC72300295B84 /* Int.swift in Sources */,
				383378B920A73DDF009BE1D5 /* PlayerDrawerView.swift in Sources */,
				387883AA20679AC300DBB83C /* MapViewController.swift in Sources */,
				387D86F92091D961000E0736 /* PlayerDetailsCollectionViewCell.swift in Sources */,
				387883AC20679DE300DBB83C /* PageViewController.swift in Sources */,
				38294230205AC2EA00295B84 /* ResultsHeaderView.swift in Sources */,
				387883AE2067A1A200DBB83C /* StatsViewController.swift in Sources */,
				38CC63AF20CD173D00AEB0A6 /* HistoryTableViewCell.swift in Sources */,
				387D86FB2091D96D000E0736 /* PlayerDetailsViewController.swift in Sources */,
				38B0A83220B0A6C200B597F4 /* String.swift in Sources */,
				CEE63CD7204ACE4F004ADBC4 /* AppDelegate.swift in Sources */,
				3F8F479A206C3D2200467587 /* SettingsViewController.swift in Sources */,
				3813323B20B02CC0008450F6 /* WeaponCollectionViewCell.swift in Sources */,
			);
			runOnlyForDeploymentPostprocessing = 0;
		};
		CEE63CE3204ACE4F004ADBC4 /* Sources */ = {
			isa = PBXSourcesBuildPhase;
			buildActionMask = 2147483647;
			files = (
				CEE63CEC204ACE4F004ADBC4 /* CSGOSpectatorTests.swift in Sources */,
			);
			runOnlyForDeploymentPostprocessing = 0;
		};
		CEE63CEE204ACE4F004ADBC4 /* Sources */ = {
			isa = PBXSourcesBuildPhase;
			buildActionMask = 2147483647;
			files = (
				CEE63CF7204ACE4F004ADBC4 /* CSGOSpectatorUITests.swift in Sources */,
			);
			runOnlyForDeploymentPostprocessing = 0;
		};
		CEE63D04204AD2F1004ADBC4 /* Sources */ = {
			isa = PBXSourcesBuildPhase;
			buildActionMask = 2147483647;
			files = (
				389AAED820BAC8CC00ADAA5E /* Weapon.swift in Sources */,
				389AAEDC20BAE17100ADAA5E /* SteamProfile.swift in Sources */,
				389AAED720BAC8CC00ADAA5E /* GrenadeType.swift in Sources */,
				389AAED520BAC8CC00ADAA5E /* Team.swift in Sources */,
				389AAED620BAC8CC00ADAA5E /* Game.swift in Sources */,
				389AAED420BAC8CC00ADAA5E /* Player.swift in Sources */,
			);
			runOnlyForDeploymentPostprocessing = 0;
		};
		CEE63D0D204AD2F1004ADBC4 /* Sources */ = {
			isa = PBXSourcesBuildPhase;
			buildActionMask = 2147483647;
			files = (
				CEE63D19204AD2F1004ADBC4 /* CSGOSpectatorKitTests.swift in Sources */,
			);
			runOnlyForDeploymentPostprocessing = 0;
		};
/* End PBXSourcesBuildPhase section */

/* Begin PBXTargetDependency section */
		CEE63CE9204ACE4F004ADBC4 /* PBXTargetDependency */ = {
			isa = PBXTargetDependency;
			target = CEE63CD2204ACE4F004ADBC4 /* CSGOSpectator */;
			targetProxy = CEE63CE8204ACE4F004ADBC4 /* PBXContainerItemProxy */;
		};
		CEE63CF4204ACE4F004ADBC4 /* PBXTargetDependency */ = {
			isa = PBXTargetDependency;
			target = CEE63CD2204ACE4F004ADBC4 /* CSGOSpectator */;
			targetProxy = CEE63CF3204ACE4F004ADBC4 /* PBXContainerItemProxy */;
		};
		CEE63D14204AD2F1004ADBC4 /* PBXTargetDependency */ = {
			isa = PBXTargetDependency;
			target = CEE63D08204AD2F1004ADBC4 /* CSGOSpectatorKit */;
			targetProxy = CEE63D13204AD2F1004ADBC4 /* PBXContainerItemProxy */;
		};
		CEE63D16204AD2F1004ADBC4 /* PBXTargetDependency */ = {
			isa = PBXTargetDependency;
			target = CEE63CD2204ACE4F004ADBC4 /* CSGOSpectator */;
			targetProxy = CEE63D15204AD2F1004ADBC4 /* PBXContainerItemProxy */;
		};
		CEE63D1D204AD2F1004ADBC4 /* PBXTargetDependency */ = {
			isa = PBXTargetDependency;
			target = CEE63D08204AD2F1004ADBC4 /* CSGOSpectatorKit */;
			targetProxy = CEE63D1C204AD2F1004ADBC4 /* PBXContainerItemProxy */;
		};
/* End PBXTargetDependency section */

/* Begin PBXVariantGroup section */
		CEE63CDA204ACE4F004ADBC4 /* Main.storyboard */ = {
			isa = PBXVariantGroup;
			children = (
				CEE63CDB204ACE4F004ADBC4 /* Base */,
			);
			name = Main.storyboard;
			sourceTree = "<group>";
		};
		CEE63CDF204ACE4F004ADBC4 /* LaunchScreen.storyboard */ = {
			isa = PBXVariantGroup;
			children = (
				CEE63CE0204ACE4F004ADBC4 /* Base */,
			);
			name = LaunchScreen.storyboard;
			sourceTree = "<group>";
		};
/* End PBXVariantGroup section */

/* Begin XCBuildConfiguration section */
		CEE63CF9204ACE4F004ADBC4 /* Debug */ = {
			isa = XCBuildConfiguration;
			buildSettings = {
				ALWAYS_SEARCH_USER_PATHS = NO;
				CLANG_ANALYZER_NONNULL = YES;
				CLANG_ANALYZER_NUMBER_OBJECT_CONVERSION = YES_AGGRESSIVE;
				CLANG_CXX_LANGUAGE_STANDARD = "gnu++14";
				CLANG_CXX_LIBRARY = "libc++";
				CLANG_ENABLE_MODULES = YES;
				CLANG_ENABLE_OBJC_ARC = YES;
				CLANG_WARN_BLOCK_CAPTURE_AUTORELEASING = YES;
				CLANG_WARN_BOOL_CONVERSION = YES;
				CLANG_WARN_COMMA = YES;
				CLANG_WARN_CONSTANT_CONVERSION = YES;
				CLANG_WARN_DIRECT_OBJC_ISA_USAGE = YES_ERROR;
				CLANG_WARN_DOCUMENTATION_COMMENTS = YES;
				CLANG_WARN_EMPTY_BODY = YES;
				CLANG_WARN_ENUM_CONVERSION = YES;
				CLANG_WARN_INFINITE_RECURSION = YES;
				CLANG_WARN_INT_CONVERSION = YES;
				CLANG_WARN_NON_LITERAL_NULL_CONVERSION = YES;
				CLANG_WARN_OBJC_LITERAL_CONVERSION = YES;
				CLANG_WARN_OBJC_ROOT_CLASS = YES_ERROR;
				CLANG_WARN_RANGE_LOOP_ANALYSIS = YES;
				CLANG_WARN_STRICT_PROTOTYPES = YES;
				CLANG_WARN_SUSPICIOUS_MOVE = YES;
				CLANG_WARN_UNGUARDED_AVAILABILITY = YES_AGGRESSIVE;
				CLANG_WARN_UNREACHABLE_CODE = YES;
				CLANG_WARN__DUPLICATE_METHOD_MATCH = YES;
				CODE_SIGN_IDENTITY = "iPhone Developer";
				COPY_PHASE_STRIP = NO;
				DEBUG_INFORMATION_FORMAT = dwarf;
				ENABLE_STRICT_OBJC_MSGSEND = YES;
				ENABLE_TESTABILITY = YES;
				GCC_C_LANGUAGE_STANDARD = gnu11;
				GCC_DYNAMIC_NO_PIC = NO;
				GCC_NO_COMMON_BLOCKS = YES;
				GCC_OPTIMIZATION_LEVEL = 0;
				GCC_PREPROCESSOR_DEFINITIONS = (
					"DEBUG=1",
					"$(inherited)",
				);
				GCC_WARN_64_TO_32_BIT_CONVERSION = YES;
				GCC_WARN_ABOUT_RETURN_TYPE = YES_ERROR;
				GCC_WARN_UNDECLARED_SELECTOR = YES;
				GCC_WARN_UNINITIALIZED_AUTOS = YES_AGGRESSIVE;
				GCC_WARN_UNUSED_FUNCTION = YES;
				GCC_WARN_UNUSED_VARIABLE = YES;
				IPHONEOS_DEPLOYMENT_TARGET = 11.2;
				MTL_ENABLE_DEBUG_INFO = YES;
				ONLY_ACTIVE_ARCH = YES;
				SDKROOT = iphoneos;
				SWIFT_ACTIVE_COMPILATION_CONDITIONS = DEBUG;
				SWIFT_OPTIMIZATION_LEVEL = "-Onone";
			};
			name = Debug;
		};
		CEE63CFA204ACE4F004ADBC4 /* Release */ = {
			isa = XCBuildConfiguration;
			buildSettings = {
				ALWAYS_SEARCH_USER_PATHS = NO;
				CLANG_ANALYZER_NONNULL = YES;
				CLANG_ANALYZER_NUMBER_OBJECT_CONVERSION = YES_AGGRESSIVE;
				CLANG_CXX_LANGUAGE_STANDARD = "gnu++14";
				CLANG_CXX_LIBRARY = "libc++";
				CLANG_ENABLE_MODULES = YES;
				CLANG_ENABLE_OBJC_ARC = YES;
				CLANG_WARN_BLOCK_CAPTURE_AUTORELEASING = YES;
				CLANG_WARN_BOOL_CONVERSION = YES;
				CLANG_WARN_COMMA = YES;
				CLANG_WARN_CONSTANT_CONVERSION = YES;
				CLANG_WARN_DIRECT_OBJC_ISA_USAGE = YES_ERROR;
				CLANG_WARN_DOCUMENTATION_COMMENTS = YES;
				CLANG_WARN_EMPTY_BODY = YES;
				CLANG_WARN_ENUM_CONVERSION = YES;
				CLANG_WARN_INFINITE_RECURSION = YES;
				CLANG_WARN_INT_CONVERSION = YES;
				CLANG_WARN_NON_LITERAL_NULL_CONVERSION = YES;
				CLANG_WARN_OBJC_LITERAL_CONVERSION = YES;
				CLANG_WARN_OBJC_ROOT_CLASS = YES_ERROR;
				CLANG_WARN_RANGE_LOOP_ANALYSIS = YES;
				CLANG_WARN_STRICT_PROTOTYPES = YES;
				CLANG_WARN_SUSPICIOUS_MOVE = YES;
				CLANG_WARN_UNGUARDED_AVAILABILITY = YES_AGGRESSIVE;
				CLANG_WARN_UNREACHABLE_CODE = YES;
				CLANG_WARN__DUPLICATE_METHOD_MATCH = YES;
				CODE_SIGN_IDENTITY = "iPhone Developer";
				COPY_PHASE_STRIP = NO;
				DEBUG_INFORMATION_FORMAT = "dwarf-with-dsym";
				ENABLE_NS_ASSERTIONS = NO;
				ENABLE_STRICT_OBJC_MSGSEND = YES;
				GCC_C_LANGUAGE_STANDARD = gnu11;
				GCC_NO_COMMON_BLOCKS = YES;
				GCC_WARN_64_TO_32_BIT_CONVERSION = YES;
				GCC_WARN_ABOUT_RETURN_TYPE = YES_ERROR;
				GCC_WARN_UNDECLARED_SELECTOR = YES;
				GCC_WARN_UNINITIALIZED_AUTOS = YES_AGGRESSIVE;
				GCC_WARN_UNUSED_FUNCTION = YES;
				GCC_WARN_UNUSED_VARIABLE = YES;
				IPHONEOS_DEPLOYMENT_TARGET = 11.2;
				MTL_ENABLE_DEBUG_INFO = NO;
				SDKROOT = iphoneos;
				SWIFT_OPTIMIZATION_LEVEL = "-Owholemodule";
				VALIDATE_PRODUCT = YES;
			};
			name = Release;
		};
		CEE63CFC204ACE4F004ADBC4 /* Debug */ = {
			isa = XCBuildConfiguration;
			baseConfigurationReference = F16736938998EDDA7391ADDF /* Pods-CSGOSpectator.debug.xcconfig */;
			buildSettings = {
				ALWAYS_EMBED_SWIFT_STANDARD_LIBRARIES = YES;
				ASSETCATALOG_COMPILER_APPICON_NAME = AppIcon;
				"CODE_SIGN_IDENTITY[sdk=iphoneos*]" = "iPhone Developer";
				CODE_SIGN_STYLE = Automatic;
				DEVELOPMENT_TEAM = "";
				INFOPLIST_FILE = CSGOSpectator/Info.plist;
				IPHONEOS_DEPLOYMENT_TARGET = 10.0;
				LD_RUNPATH_SEARCH_PATHS = "$(inherited) @executable_path/Frameworks";
				PRODUCT_BUNDLE_IDENTIFIER = intive.CSGOSpectator;
				PRODUCT_NAME = "$(TARGET_NAME)";
				PROVISIONING_PROFILE_SPECIFIER = "";
				SWIFT_VERSION = 4.0;
				TARGETED_DEVICE_FAMILY = "1,2";
			};
			name = Debug;
		};
		CEE63CFD204ACE4F004ADBC4 /* Release */ = {
			isa = XCBuildConfiguration;
			baseConfigurationReference = F8C9289B123620B51961248F /* Pods-CSGOSpectator.release.xcconfig */;
			buildSettings = {
				ALWAYS_EMBED_SWIFT_STANDARD_LIBRARIES = YES;
				ASSETCATALOG_COMPILER_APPICON_NAME = AppIcon;
				"CODE_SIGN_IDENTITY[sdk=iphoneos*]" = "iPhone Developer";
				CODE_SIGN_STYLE = Automatic;
				DEVELOPMENT_TEAM = "";
				INFOPLIST_FILE = CSGOSpectator/Info.plist;
				IPHONEOS_DEPLOYMENT_TARGET = 10.0;
				LD_RUNPATH_SEARCH_PATHS = "$(inherited) @executable_path/Frameworks";
				PRODUCT_BUNDLE_IDENTIFIER = intive.CSGOSpectator;
				PRODUCT_NAME = "$(TARGET_NAME)";
				PROVISIONING_PROFILE_SPECIFIER = "";
				SWIFT_VERSION = 4.0;
				TARGETED_DEVICE_FAMILY = "1,2";
			};
			name = Release;
		};
		CEE63CFF204ACE4F004ADBC4 /* Debug */ = {
			isa = XCBuildConfiguration;
			baseConfigurationReference = 28447CBDDCC154AB97B1B511 /* Pods-CSGOSpectatorTests.debug.xcconfig */;
			buildSettings = {
				ALWAYS_EMBED_SWIFT_STANDARD_LIBRARIES = YES;
				BUNDLE_LOADER = "$(TEST_HOST)";
				CODE_SIGN_STYLE = Automatic;
				DEVELOPMENT_TEAM = 9F238JTRNA;
				INFOPLIST_FILE = CSGOSpectatorTests/Info.plist;
				LD_RUNPATH_SEARCH_PATHS = "$(inherited) @executable_path/Frameworks @loader_path/Frameworks";
				PRODUCT_BUNDLE_IDENTIFIER = intive.CSGOSpectatorTests;
				PRODUCT_NAME = "$(TARGET_NAME)";
				SWIFT_VERSION = 4.0;
				TARGETED_DEVICE_FAMILY = "1,2";
				TEST_HOST = "$(BUILT_PRODUCTS_DIR)/CSGOSpectator.app/CSGOSpectator";
			};
			name = Debug;
		};
		CEE63D00204ACE4F004ADBC4 /* Release */ = {
			isa = XCBuildConfiguration;
			baseConfigurationReference = 809C7F6E3035C0843FB6FEEF /* Pods-CSGOSpectatorTests.release.xcconfig */;
			buildSettings = {
				ALWAYS_EMBED_SWIFT_STANDARD_LIBRARIES = YES;
				BUNDLE_LOADER = "$(TEST_HOST)";
				CODE_SIGN_STYLE = Automatic;
				DEVELOPMENT_TEAM = 9F238JTRNA;
				INFOPLIST_FILE = CSGOSpectatorTests/Info.plist;
				LD_RUNPATH_SEARCH_PATHS = "$(inherited) @executable_path/Frameworks @loader_path/Frameworks";
				PRODUCT_BUNDLE_IDENTIFIER = intive.CSGOSpectatorTests;
				PRODUCT_NAME = "$(TARGET_NAME)";
				SWIFT_VERSION = 4.0;
				TARGETED_DEVICE_FAMILY = "1,2";
				TEST_HOST = "$(BUILT_PRODUCTS_DIR)/CSGOSpectator.app/CSGOSpectator";
			};
			name = Release;
		};
		CEE63D02204ACE4F004ADBC4 /* Debug */ = {
			isa = XCBuildConfiguration;
			baseConfigurationReference = E1A8BA80F12EAA7788A62BD1 /* Pods-CSGOSpectatorUITests.debug.xcconfig */;
			buildSettings = {
				ALWAYS_EMBED_SWIFT_STANDARD_LIBRARIES = YES;
				CODE_SIGN_STYLE = Automatic;
				DEVELOPMENT_TEAM = 9F238JTRNA;
				INFOPLIST_FILE = CSGOSpectatorUITests/Info.plist;
				LD_RUNPATH_SEARCH_PATHS = "$(inherited) @executable_path/Frameworks @loader_path/Frameworks";
				PRODUCT_BUNDLE_IDENTIFIER = intive.CSGOSpectatorUITests;
				PRODUCT_NAME = "$(TARGET_NAME)";
				SWIFT_VERSION = 4.0;
				TARGETED_DEVICE_FAMILY = "1,2";
				TEST_TARGET_NAME = CSGOSpectator;
			};
			name = Debug;
		};
		CEE63D03204ACE4F004ADBC4 /* Release */ = {
			isa = XCBuildConfiguration;
			baseConfigurationReference = E241CB7DA4C19E985B16BF21 /* Pods-CSGOSpectatorUITests.release.xcconfig */;
			buildSettings = {
				ALWAYS_EMBED_SWIFT_STANDARD_LIBRARIES = YES;
				CODE_SIGN_STYLE = Automatic;
				DEVELOPMENT_TEAM = 9F238JTRNA;
				INFOPLIST_FILE = CSGOSpectatorUITests/Info.plist;
				LD_RUNPATH_SEARCH_PATHS = "$(inherited) @executable_path/Frameworks @loader_path/Frameworks";
				PRODUCT_BUNDLE_IDENTIFIER = intive.CSGOSpectatorUITests;
				PRODUCT_NAME = "$(TARGET_NAME)";
				SWIFT_VERSION = 4.0;
				TARGETED_DEVICE_FAMILY = "1,2";
				TEST_TARGET_NAME = CSGOSpectator;
			};
			name = Release;
		};
		CEE63D21204AD2F1004ADBC4 /* Debug */ = {
			isa = XCBuildConfiguration;
			baseConfigurationReference = A9660A4844E48D136F4C0DDF /* Pods-CSGOSpectatorKit.debug.xcconfig */;
			buildSettings = {
				CODE_SIGN_IDENTITY = "";
				CODE_SIGN_STYLE = Automatic;
				CURRENT_PROJECT_VERSION = 1;
				DEFINES_MODULE = YES;
				DEVELOPMENT_TEAM = "";
				DYLIB_COMPATIBILITY_VERSION = 1;
				DYLIB_CURRENT_VERSION = 1;
				DYLIB_INSTALL_NAME_BASE = "@rpath";
				INFOPLIST_FILE = CSGOSpectatorKit/Info.plist;
				INSTALL_PATH = "$(LOCAL_LIBRARY_DIR)/Frameworks";
				IPHONEOS_DEPLOYMENT_TARGET = 10.0;
				LD_RUNPATH_SEARCH_PATHS = "$(inherited) @executable_path/Frameworks @loader_path/Frameworks";
				PRODUCT_BUNDLE_IDENTIFIER = intive.CSGOSpectatorKit;
				PRODUCT_NAME = "$(TARGET_NAME:c99extidentifier)";
				SKIP_INSTALL = YES;
				SWIFT_VERSION = 4.0;
				TARGETED_DEVICE_FAMILY = "1,2";
				VERSIONING_SYSTEM = "apple-generic";
				VERSION_INFO_PREFIX = "";
			};
			name = Debug;
		};
		CEE63D22204AD2F1004ADBC4 /* Release */ = {
			isa = XCBuildConfiguration;
			baseConfigurationReference = 41C89A81E1AF38B8CAA33BB7 /* Pods-CSGOSpectatorKit.release.xcconfig */;
			buildSettings = {
				CODE_SIGN_IDENTITY = "";
				CODE_SIGN_STYLE = Automatic;
				CURRENT_PROJECT_VERSION = 1;
				DEFINES_MODULE = YES;
				DEVELOPMENT_TEAM = "";
				DYLIB_COMPATIBILITY_VERSION = 1;
				DYLIB_CURRENT_VERSION = 1;
				DYLIB_INSTALL_NAME_BASE = "@rpath";
				INFOPLIST_FILE = CSGOSpectatorKit/Info.plist;
				INSTALL_PATH = "$(LOCAL_LIBRARY_DIR)/Frameworks";
				IPHONEOS_DEPLOYMENT_TARGET = 10.0;
				LD_RUNPATH_SEARCH_PATHS = "$(inherited) @executable_path/Frameworks @loader_path/Frameworks";
				PRODUCT_BUNDLE_IDENTIFIER = intive.CSGOSpectatorKit;
				PRODUCT_NAME = "$(TARGET_NAME:c99extidentifier)";
				SKIP_INSTALL = YES;
				SWIFT_VERSION = 4.0;
				TARGETED_DEVICE_FAMILY = "1,2";
				VERSIONING_SYSTEM = "apple-generic";
				VERSION_INFO_PREFIX = "";
			};
			name = Release;
		};
		CEE63D25204AD2F1004ADBC4 /* Debug */ = {
			isa = XCBuildConfiguration;
			baseConfigurationReference = C6D004853017C58984645597 /* Pods-CSGOSpectatorKitTests.debug.xcconfig */;
			buildSettings = {
				ALWAYS_EMBED_SWIFT_STANDARD_LIBRARIES = YES;
				CODE_SIGN_STYLE = Automatic;
				DEVELOPMENT_TEAM = 9F238JTRNA;
				INFOPLIST_FILE = CSGOSpectatorKitTests/Info.plist;
				LD_RUNPATH_SEARCH_PATHS = "$(inherited) @executable_path/Frameworks @loader_path/Frameworks";
				PRODUCT_BUNDLE_IDENTIFIER = intive.CSGOSpectatorKitTests;
				PRODUCT_NAME = "$(TARGET_NAME)";
				SWIFT_VERSION = 4.0;
				TARGETED_DEVICE_FAMILY = "1,2";
				TEST_HOST = "$(BUILT_PRODUCTS_DIR)/CSGOSpectator.app/CSGOSpectator";
			};
			name = Debug;
		};
		CEE63D26204AD2F1004ADBC4 /* Release */ = {
			isa = XCBuildConfiguration;
			baseConfigurationReference = 9BDA682A047699D926322EDB /* Pods-CSGOSpectatorKitTests.release.xcconfig */;
			buildSettings = {
				ALWAYS_EMBED_SWIFT_STANDARD_LIBRARIES = YES;
				CODE_SIGN_STYLE = Automatic;
				DEVELOPMENT_TEAM = 9F238JTRNA;
				INFOPLIST_FILE = CSGOSpectatorKitTests/Info.plist;
				LD_RUNPATH_SEARCH_PATHS = "$(inherited) @executable_path/Frameworks @loader_path/Frameworks";
				PRODUCT_BUNDLE_IDENTIFIER = intive.CSGOSpectatorKitTests;
				PRODUCT_NAME = "$(TARGET_NAME)";
				SWIFT_VERSION = 4.0;
				TARGETED_DEVICE_FAMILY = "1,2";
				TEST_HOST = "$(BUILT_PRODUCTS_DIR)/CSGOSpectator.app/CSGOSpectator";
			};
			name = Release;
		};
/* End XCBuildConfiguration section */

/* Begin XCConfigurationList section */
		CEE63CCE204ACE4F004ADBC4 /* Build configuration list for PBXProject "CSGOSpectator" */ = {
			isa = XCConfigurationList;
			buildConfigurations = (
				CEE63CF9204ACE4F004ADBC4 /* Debug */,
				CEE63CFA204ACE4F004ADBC4 /* Release */,
			);
			defaultConfigurationIsVisible = 0;
			defaultConfigurationName = Release;
		};
		CEE63CFB204ACE4F004ADBC4 /* Build configuration list for PBXNativeTarget "CSGOSpectator" */ = {
			isa = XCConfigurationList;
			buildConfigurations = (
				CEE63CFC204ACE4F004ADBC4 /* Debug */,
				CEE63CFD204ACE4F004ADBC4 /* Release */,
			);
			defaultConfigurationIsVisible = 0;
			defaultConfigurationName = Release;
		};
		CEE63CFE204ACE4F004ADBC4 /* Build configuration list for PBXNativeTarget "CSGOSpectatorTests" */ = {
			isa = XCConfigurationList;
			buildConfigurations = (
				CEE63CFF204ACE4F004ADBC4 /* Debug */,
				CEE63D00204ACE4F004ADBC4 /* Release */,
			);
			defaultConfigurationIsVisible = 0;
			defaultConfigurationName = Release;
		};
		CEE63D01204ACE4F004ADBC4 /* Build configuration list for PBXNativeTarget "CSGOSpectatorUITests" */ = {
			isa = XCConfigurationList;
			buildConfigurations = (
				CEE63D02204ACE4F004ADBC4 /* Debug */,
				CEE63D03204ACE4F004ADBC4 /* Release */,
			);
			defaultConfigurationIsVisible = 0;
			defaultConfigurationName = Release;
		};
		CEE63D20204AD2F1004ADBC4 /* Build configuration list for PBXNativeTarget "CSGOSpectatorKit" */ = {
			isa = XCConfigurationList;
			buildConfigurations = (
				CEE63D21204AD2F1004ADBC4 /* Debug */,
				CEE63D22204AD2F1004ADBC4 /* Release */,
			);
			defaultConfigurationIsVisible = 0;
			defaultConfigurationName = Release;
		};
		CEE63D24204AD2F1004ADBC4 /* Build configuration list for PBXNativeTarget "CSGOSpectatorKitTests" */ = {
			isa = XCConfigurationList;
			buildConfigurations = (
				CEE63D25204AD2F1004ADBC4 /* Debug */,
				CEE63D26204AD2F1004ADBC4 /* Release */,
			);
			defaultConfigurationIsVisible = 0;
			defaultConfigurationName = Release;
		};
/* End XCConfigurationList section */
	};
	rootObject = CEE63CCB204ACE4F004ADBC4 /* Project object */;
}
